
Microsoft Visual Studio Solution File, Format Version 12.00
# Visual Studio Version 17
VisualStudioVersion = 17.7.34018.315
MinimumVisualStudioVersion = 10.0.40219.1
Project("{9A19103F-16F7-4668-BE54-9A1E7A4F7556}") = "RentalMVC.Web", "RentalMVC.Web\RentalMVC.Web.csproj", "{6CC6DF62-8503-4EED-9B44-96EB7A28C8E2}"
EndProject
Project("{2150E333-8FDC-42A3-9474-1A3956D46DE8}") = "Application", "Application", "{8B7BDFAE-F806-44A6-A7CF-FEF549034542}"
EndProject
Project("{2150E333-8FDC-42A3-9474-1A3956D46DE8}") = "Domain", "Domain", "{B668FE79-0B7D-4127-8D5A-20AD8B10C876}"
EndProject
Project("{2150E333-8FDC-42A3-9474-1A3956D46DE8}") = "Infrastructure", "Infrastructure", "{B31BADAA-D494-409F-AAD0-1A61AACEE3E9}"
EndProject
Project("{2150E333-8FDC-42A3-9474-1A3956D46DE8}") = "UI", "UI", "{1FB6A973-892F-4DE2-A857-BD990ACA74DB}"
EndProject
Project("{FAE04EC0-301F-11D3-BF4B-00C04F79EFBC}") = "RentalMVC.Application", "RentalMVC.Application\RentalMVC.Application.csproj", "{7BA62798-DE25-41A6-ADEF-8A63AD1DEDB8}"
EndProject
Project("{FAE04EC0-301F-11D3-BF4B-00C04F79EFBC}") = "RentalMVC.Domain", "RentalMVC.Domain\RentalMVC.Domain.csproj", "{BEC9FF9E-1DDB-4378-BAF7-722BB7563A41}"
EndProject
Project("{FAE04EC0-301F-11D3-BF4B-00C04F79EFBC}") = "RentalMVC.Infrastructure", "RentalMVC.Infrastructure\RentalMVC.Infrastructure.csproj", "{09D3E469-8F33-4C7F-87A4-CD66C4B3760E}"
EndProject
Project("{2150E333-8FDC-42A3-9474-1A3956D46DE8}") = "Tests", "Tests", "{7A8700A2-4411-46BA-AAE6-C789D633A017}"
EndProject
Project("{FAE04EC0-301F-11D3-BF4B-00C04F79EFBC}") = "RentalMVC.Tests", "RentalMVC.Tests\RentalMVC.Tests.csproj", "{6374D852-3CF7-4E75-8F4E-86BE7858186B}"
EndProject
Global
	GlobalSection(SolutionConfigurationPlatforms) = preSolution
		Debug|Any CPU = Debug|Any CPU
		Release|Any CPU = Release|Any CPU
	EndGlobalSection
	GlobalSection(ProjectConfigurationPlatforms) = postSolution
		{6CC6DF62-8503-4EED-9B44-96EB7A28C8E2}.Debug|Any CPU.ActiveCfg = Debug|Any CPU
		{6CC6DF62-8503-4EED-9B44-96EB7A28C8E2}.Debug|Any CPU.Build.0 = Debug|Any CPU
		{6CC6DF62-8503-4EED-9B44-96EB7A28C8E2}.Release|Any CPU.ActiveCfg = Release|Any CPU
		{6CC6DF62-8503-4EED-9B44-96EB7A28C8E2}.Release|Any CPU.Build.0 = Release|Any CPU
		{7BA62798-DE25-41A6-ADEF-8A63AD1DEDB8}.Debug|Any CPU.ActiveCfg = Debug|Any CPU
		{7BA62798-DE25-41A6-ADEF-8A63AD1DEDB8}.Debug|Any CPU.Build.0 = Debug|Any CPU
		{7BA62798-DE25-41A6-ADEF-8A63AD1DEDB8}.Release|Any CPU.ActiveCfg = Release|Any CPU
		{7BA62798-DE25-41A6-ADEF-8A63AD1DEDB8}.Release|Any CPU.Build.0 = Release|Any CPU
		{BEC9FF9E-1DDB-4378-BAF7-722BB7563A41}.Debug|Any CPU.ActiveCfg = Debug|Any CPU
		{BEC9FF9E-1DDB-4378-BAF7-722BB7563A41}.Debug|Any CPU.Build.0 = Debug|Any CPU
		{BEC9FF9E-1DDB-4378-BAF7-722BB7563A41}.Release|Any CPU.ActiveCfg = Release|Any CPU
		{BEC9FF9E-1DDB-4378-BAF7-722BB7563A41}.Release|Any CPU.Build.0 = Release|Any CPU
		{09D3E469-8F33-4C7F-87A4-CD66C4B3760E}.Debug|Any CPU.ActiveCfg = Debug|Any CPU
		{09D3E469-8F33-4C7F-87A4-CD66C4B3760E}.Debug|Any CPU.Build.0 = Debug|Any CPU
		{09D3E469-8F33-4C7F-87A4-CD66C4B3760E}.Release|Any CPU.ActiveCfg = Release|Any CPU
		{09D3E469-8F33-4C7F-87A4-CD66C4B3760E}.Release|Any CPU.Build.0 = Release|Any CPU
		{6374D852-3CF7-4E75-8F4E-86BE7858186B}.Debug|Any CPU.ActiveCfg = Debug|Any CPU
		{6374D852-3CF7-4E75-8F4E-86BE7858186B}.Debug|Any CPU.Build.0 = Debug|Any CPU
		{6374D852-3CF7-4E75-8F4E-86BE7858186B}.Release|Any CPU.ActiveCfg = Release|Any CPU
		{6374D852-3CF7-4E75-8F4E-86BE7858186B}.Release|Any CPU.Build.0 = Release|Any CPU
	EndGlobalSection
	GlobalSection(SolutionProperties) = preSolution
		HideSolutionNode = FALSE
	EndGlobalSection
	GlobalSection(NestedProjects) = preSolution
		{6CC6DF62-8503-4EED-9B44-96EB7A28C8E2} = {1FB6A973-892F-4DE2-A857-BD990ACA74DB}
		{7BA62798-DE25-41A6-ADEF-8A63AD1DEDB8} = {8B7BDFAE-F806-44A6-A7CF-FEF549034542}
		{BEC9FF9E-1DDB-4378-BAF7-722BB7563A41} = {B668FE79-0B7D-4127-8D5A-20AD8B10C876}
		{09D3E469-8F33-4C7F-87A4-CD66C4B3760E} = {B31BADAA-D494-409F-AAD0-1A61AACEE3E9}
		{6374D852-3CF7-4E75-8F4E-86BE7858186B} = {7A8700A2-4411-46BA-AAE6-C789D633A017}
	EndGlobalSection
	GlobalSection(ExtensibilityGlobals) = postSolution
		SolutionGuid = {33E2DE0A-EBDA-41F1-83C9-97E70482E796}
	EndGlobalSection
EndGlobal
